
Microsoft Visual Studio Solution File, Format Version 12.00
# Visual Studio Version 16
VisualStudioVersion = 16.0.31702.278
MinimumVisualStudioVersion = 10.0.40219.1
Project("{FAE04EC0-301F-11D3-BF4B-00C04F79EFBC}") = "AdaYazilimCase", "AdaYazilimCase.csproj", "{266D3327-627D-4BB2-9DDA-0FBF865E5486}"
EndProject
Project("{FAE04EC0-301F-11D3-BF4B-00C04F79EFBC}") = "Entities", "..\Entities\Entities.csproj", "{AA0D586C-B894-4E46-87DA-7C4A0AC4D553}"
EndProject
Project("{FAE04EC0-301F-11D3-BF4B-00C04F79EFBC}") = "Buisness", "..\Buisness\Buisness.csproj", "{1E8AC349-EC6F-40D8-A185-9123A4BA1BDA}"
EndProject
Global
	GlobalSection(SolutionConfigurationPlatforms) = preSolution
		Debug|Any CPU = Debug|Any CPU
		Release|Any CPU = Release|Any CPU
	EndGlobalSection
	GlobalSection(ProjectConfigurationPlatforms) = postSolution
		{266D3327-627D-4BB2-9DDA-0FBF865E5486}.Debug|Any CPU.ActiveCfg = Debug|Any CPU
		{266D3327-627D-4BB2-9DDA-0FBF865E5486}.Debug|Any CPU.Build.0 = Debug|Any CPU
		{266D3327-627D-4BB2-9DDA-0FBF865E5486}.Release|Any CPU.ActiveCfg = Release|Any CPU
		{266D3327-627D-4BB2-9DDA-0FBF865E5486}.Release|Any CPU.Build.0 = Release|Any CPU
		{AA0D586C-B894-4E46-87DA-7C4A0AC4D553}.Debug|Any CPU.ActiveCfg = Debug|Any CPU
		{AA0D586C-B894-4E46-87DA-7C4A0AC4D553}.Debug|Any CPU.Build.0 = Debug|Any CPU
		{AA0D586C-B894-4E46-87DA-7C4A0AC4D553}.Release|Any CPU.ActiveCfg = Release|Any CPU
		{AA0D586C-B894-4E46-87DA-7C4A0AC4D553}.Release|Any CPU.Build.0 = Release|Any CPU
		{1E8AC349-EC6F-40D8-A185-9123A4BA1BDA}.Debug|Any CPU.ActiveCfg = Debug|Any CPU
		{1E8AC349-EC6F-40D8-A185-9123A4BA1BDA}.Debug|Any CPU.Build.0 = Debug|Any CPU
		{1E8AC349-EC6F-40D8-A185-9123A4BA1BDA}.Release|Any CPU.ActiveCfg = Release|Any CPU
		{1E8AC349-EC6F-40D8-A185-9123A4BA1BDA}.Release|Any CPU.Build.0 = Release|Any CPU
	EndGlobalSection
	GlobalSection(SolutionProperties) = preSolution
		HideSolutionNode = FALSE
	EndGlobalSection
	GlobalSection(ExtensibilityGlobals) = postSolution
		SolutionGuid = {C0FFA047-F952-49A5-9ED1-668017604E6B}
	EndGlobalSection
EndGlobal
